{
  "version": 4,
  "terraform_version": "1.6.1",
  "serial": 1029,
  "lineage": "bcd13287-d5c9-a10c-488c-b585fb9c0dfb",
  "outputs": {},
  "resources": [
    {
      "mode": "data",
      "type": "http",
      "name": "myip",
      "provider": "provider[\"registry.terraform.io/hashicorp/http\"]",
      "instances": [
        {
          "schema_version": 0,
          "attributes": {
            "body": "201.17.61.168\n",
            "ca_cert_pem": null,
            "id": "http://ipv4.icanhazip.com",
            "insecure": null,
            "method": null,
            "request_body": null,
            "request_headers": null,
            "request_timeout_ms": null,
            "response_body": "201.17.61.168\n",
            "response_body_base64": "MjAxLjE3LjYxLjE2OAo=",
            "response_headers": {
              "Access-Control-Allow-Methods": "GET",
              "Access-Control-Allow-Origin": "*",
              "Alt-Svc": "h3=\":443\"; ma=86400",
              "Cf-Ray": "819ed0b74f991d5e-GIG",
              "Connection": "keep-alive",
              "Content-Length": "14",
              "Content-Type": "text/plain",
              "Date": "Sun, 22 Oct 2023 03:57:17 GMT",
              "Server": "cloudflare",
              "Set-Cookie": "__cf_bm=yErqGydVc5V1KPz.0EVOTXBTt9gSXQPaRBY4qkSjzCw-1697947037-0-AQr9SpLviNnkYkDKCV/+aJvOvyS0dctbbml0fqNKcDHBAaBun5HLkEAjOOFKwZBgmgHY4Okth7c/FktkfH46KHY=; path=/; expires=Sun, 22-Oct-23 04:27:17 GMT; domain=.icanhazip.com; HttpOnly; SameSite=None",
              "Vary": "Accept-Encoding"
            },
            "retry": null,
            "status_code": 200,
            "url": "http://ipv4.icanhazip.com"
          },
          "sensitive_attributes": []
        }
      ]
    },
    {
      "mode": "managed",
      "type": "aws_db_instance",
      "name": "this",
      "provider": "provider[\"registry.terraform.io/hashicorp/aws\"]",
      "instances": [
        {
          "schema_version": 2,
          "attributes": {
            "address": "terraform-20231022032427097900000002.czjdqbpl9pua.sa-east-1.rds.amazonaws.com",
            "allocated_storage": 5,
            "allow_major_version_upgrade": null,
            "apply_immediately": false,
            "arn": "arn:aws:rds:sa-east-1:962453244976:db:terraform-20231022032427097900000002",
            "auto_minor_version_upgrade": true,
            "availability_zone": "sa-east-1c",
            "backup_retention_period": 0,
            "backup_target": "region",
            "backup_window": "03:59-04:29",
            "blue_green_update": [],
            "ca_cert_identifier": "rds-ca-2019",
            "character_set_name": "",
            "copy_tags_to_snapshot": false,
            "custom_iam_instance_profile": "",
            "customer_owned_ip_enabled": false,
            "db_name": "tutorialrds",
            "db_subnet_group_name": "db_subnet_group",
            "delete_automated_backups": true,
            "deletion_protection": false,
            "domain": "",
            "domain_iam_role_name": "",
            "enabled_cloudwatch_logs_exports": [],
            "endpoint": "terraform-20231022032427097900000002.czjdqbpl9pua.sa-east-1.rds.amazonaws.com:3306",
            "engine": "mysql",
            "engine_version": "8.0.33",
            "engine_version_actual": "8.0.33",
            "final_snapshot_identifier": null,
            "hosted_zone_id": "ZLRUIUX7Z3ZF7",
            "iam_database_authentication_enabled": false,
            "id": "db-UTJYRG4TUMFOCLAOOD2KHK3XEM",
            "identifier": "terraform-20231022032427097900000002",
            "identifier_prefix": "terraform-",
            "instance_class": "db.t2.micro",
            "iops": 0,
            "kms_key_id": "",
            "latest_restorable_time": "",
            "license_model": "general-public-license",
            "listener_endpoint": [],
            "maintenance_window": "tue:06:30-tue:07:00",
            "manage_master_user_password": null,
            "master_user_secret": [],
            "master_user_secret_kms_key_id": null,
            "max_allocated_storage": 0,
            "monitoring_interval": 0,
            "monitoring_role_arn": "",
            "multi_az": false,
            "nchar_character_set_name": "",
            "network_type": "IPV4",
            "option_group_name": "default:mysql-8-0",
            "parameter_group_name": "default.mysql8.0",
            "password": "tutorial_rds12345",
            "performance_insights_enabled": false,
            "performance_insights_kms_key_id": "",
            "performance_insights_retention_period": 0,
            "port": 3306,
            "publicly_accessible": false,
            "replica_mode": "",
            "replicas": [],
            "replicate_source_db": "",
            "resource_id": "db-UTJYRG4TUMFOCLAOOD2KHK3XEM",
            "restore_to_point_in_time": [],
            "s3_import": [],
            "skip_final_snapshot": true,
            "snapshot_identifier": null,
            "status": "available",
            "storage_encrypted": false,
            "storage_throughput": 0,
            "storage_type": "gp2",
            "tags": {
              "Name": "tutorial_rds"
            },
            "tags_all": {
              "Name": "tutorial_rds"
            },
            "timeouts": null,
            "timezone": "",
            "username": "tutorial_rds",
            "vpc_security_group_ids": [
              "sg-0376bfe6be53b374a"
            ]
          },
          "sensitive_attributes": [
            [
              {
                "type": "get_attr",
                "value": "username"
              }
            ],
            [
              {
                "type": "get_attr",
                "value": "password"
              }
            ]
          ],
          "private": "eyJlMmJmYjczMC1lY2FhLTExZTYtOGY4OC0zNDM2M2JjN2M0YzAiOnsiY3JlYXRlIjoyNDAwMDAwMDAwMDAwLCJkZWxldGUiOjM2MDAwMDAwMDAwMDAsInVwZGF0ZSI6NDgwMDAwMDAwMDAwMH0sInNjaGVtYV92ZXJzaW9uIjoiMiJ9",
          "dependencies": [
            "aws_db_subnet_group.this",
            "aws_security_group.allow_api",
            "aws_security_group.allow_mysql",
            "aws_subnet.this_private_1",
            "aws_subnet.this_private_2",
            "aws_subnet.this_private_3",
            "aws_vpc.this",
            "data.http.myip"
          ]
        }
      ]
    },
    {
      "mode": "managed",
      "type": "aws_db_subnet_group",
      "name": "this",
      "provider": "provider[\"registry.terraform.io/hashicorp/aws\"]",
      "instances": [
        {
          "schema_version": 0,
          "attributes": {
            "arn": "arn:aws:rds:sa-east-1:962453244976:subgrp:db_subnet_group",
            "description": "Managed by Terraform",
            "id": "db_subnet_group",
            "name": "db_subnet_group",
            "name_prefix": "",
            "subnet_ids": [
              "subnet-0953d56118a5f4e1e",
              "subnet-099899090eca66fee",
              "subnet-0dd4029964d40d561"
            ],
            "supported_network_types": [
              "IPV4"
            ],
            "tags": {},
            "tags_all": {},
            "vpc_id": "vpc-0954dd0ecef31f536"
          },
          "sensitive_attributes": [],
          "private": "bnVsbA==",
          "dependencies": [
            "aws_subnet.this_private_1",
            "aws_subnet.this_private_2",
            "aws_subnet.this_private_3",
            "aws_vpc.this"
          ]
        }
      ]
    },
    {
      "mode": "managed",
      "type": "aws_security_group",
      "name": "allow_api",
      "provider": "provider[\"registry.terraform.io/hashicorp/aws\"]",
      "instances": [
        {
          "schema_version": 1,
          "attributes": {
            "arn": "arn:aws:ec2:sa-east-1:962453244976:security-group/sg-08201f13fb2664217",
            "description": "Habilita HTTP e HTTPS",
            "egress": [
              {
                "cidr_blocks": [
                  "0.0.0.0/0"
                ],
                "description": "",
                "from_port": 0,
                "ipv6_cidr_blocks": [],
                "prefix_list_ids": [],
                "protocol": "-1",
                "security_groups": [],
                "self": false,
                "to_port": 0
              }
            ],
            "id": "sg-08201f13fb2664217",
            "ingress": [
              {
                "cidr_blocks": [
                  "0.0.0.0/0"
                ],
                "description": "",
                "from_port": 443,
                "ipv6_cidr_blocks": [],
                "prefix_list_ids": [],
                "protocol": "tcp",
                "security_groups": [],
                "self": false,
                "to_port": 443
              },
              {
                "cidr_blocks": [
                  "0.0.0.0/0"
                ],
                "description": "",
                "from_port": 80,
                "ipv6_cidr_blocks": [],
                "prefix_list_ids": [],
                "protocol": "tcp",
                "security_groups": [],
                "self": false,
                "to_port": 80
              },
              {
                "cidr_blocks": [
                  "201.17.61.168/32"
                ],
                "description": "Habilita meu IP acessar a instancia via SSH",
                "from_port": 22,
                "ipv6_cidr_blocks": [],
                "prefix_list_ids": [],
                "protocol": "tcp",
                "security_groups": [],
                "self": false,
                "to_port": 22
              }
            ],
            "name": "allow_api",
            "name_prefix": "",
            "owner_id": "962453244976",
            "revoke_rules_on_delete": false,
            "tags": {
              "Name": "allow_api"
            },
            "tags_all": {
              "Name": "allow_api"
            },
            "timeouts": null,
            "vpc_id": "vpc-0954dd0ecef31f536"
          },
          "sensitive_attributes": [],
          "private": "eyJlMmJmYjczMC1lY2FhLTExZTYtOGY4OC0zNDM2M2JjN2M0YzAiOnsiY3JlYXRlIjo2MDAwMDAwMDAwMDAsImRlbGV0ZSI6OTAwMDAwMDAwMDAwfSwic2NoZW1hX3ZlcnNpb24iOiIxIn0=",
          "dependencies": [
            "aws_vpc.this",
            "data.http.myip"
          ]
        }
      ]
    },
    {
      "mode": "managed",
      "type": "aws_security_group",
      "name": "allow_mysql",
      "provider": "provider[\"registry.terraform.io/hashicorp/aws\"]",
      "instances": [
        {
          "schema_version": 1,
          "attributes": {
            "arn": "arn:aws:ec2:sa-east-1:962453244976:security-group/sg-0376bfe6be53b374a",
            "description": "Habilita MySQL",
            "egress": [
              {
                "cidr_blocks": [
                  "0.0.0.0/0"
                ],
                "description": "",
                "from_port": 0,
                "ipv6_cidr_blocks": [],
                "prefix_list_ids": [],
                "protocol": "-1",
                "security_groups": [],
                "self": false,
                "to_port": 0
              }
            ],
            "id": "sg-0376bfe6be53b374a",
            "ingress": [
              {
                "cidr_blocks": [
                  "201.17.61.168/32"
                ],
                "description": "Habilita meu IP acessar a instancia via MySQL",
                "from_port": 3306,
                "ipv6_cidr_blocks": [],
                "prefix_list_ids": [],
                "protocol": "tcp",
                "security_groups": [],
                "self": false,
                "to_port": 3306
              },
              {
                "cidr_blocks": [
                  "201.17.61.168/32"
                ],
                "description": "Habilita meu IP acessar a instancia via SSH",
                "from_port": 22,
                "ipv6_cidr_blocks": [],
                "prefix_list_ids": [],
                "protocol": "tcp",
                "security_groups": [],
                "self": false,
                "to_port": 22
              },
              {
                "cidr_blocks": [],
                "description": "Habilita o SG da API acessar o MySQL (3306)",
                "from_port": 3306,
                "ipv6_cidr_blocks": [],
                "prefix_list_ids": [],
                "protocol": "tcp",
                "security_groups": [
                  "sg-08201f13fb2664217"
                ],
                "self": false,
                "to_port": 3306
              }
            ],
            "name": "allow_mysql",
            "name_prefix": "",
            "owner_id": "962453244976",
            "revoke_rules_on_delete": false,
            "tags": {
              "Name": "allow_mysql"
            },
            "tags_all": {
              "Name": "allow_mysql"
            },
            "timeouts": null,
            "vpc_id": "vpc-0954dd0ecef31f536"
          },
          "sensitive_attributes": [],
          "private": "eyJlMmJmYjczMC1lY2FhLTExZTYtOGY4OC0zNDM2M2JjN2M0YzAiOnsiY3JlYXRlIjo2MDAwMDAwMDAwMDAsImRlbGV0ZSI6OTAwMDAwMDAwMDAwfSwic2NoZW1hX3ZlcnNpb24iOiIxIn0=",
          "dependencies": [
            "aws_security_group.allow_api",
            "aws_vpc.this",
            "data.http.myip"
          ]
        }
      ]
    },
    {
      "mode": "managed",
      "type": "aws_subnet",
      "name": "this_private_1",
      "provider": "provider[\"registry.terraform.io/hashicorp/aws\"]",
      "instances": [
        {
          "schema_version": 1,
          "attributes": {
            "arn": "arn:aws:ec2:sa-east-1:962453244976:subnet/subnet-0953d56118a5f4e1e",
            "assign_ipv6_address_on_creation": false,
            "availability_zone": "sa-east-1a",
            "availability_zone_id": "sae1-az1",
            "cidr_block": "10.0.1.0/24",
            "customer_owned_ipv4_pool": "",
            "enable_dns64": false,
            "enable_lni_at_device_index": 0,
            "enable_resource_name_dns_a_record_on_launch": false,
            "enable_resource_name_dns_aaaa_record_on_launch": false,
            "id": "subnet-0953d56118a5f4e1e",
            "ipv6_cidr_block": "",
            "ipv6_cidr_block_association_id": "",
            "ipv6_native": false,
            "map_customer_owned_ip_on_launch": false,
            "map_public_ip_on_launch": false,
            "outpost_arn": "",
            "owner_id": "962453244976",
            "private_dns_hostname_type_on_launch": "ip-name",
            "tags": {
              "Name": "tutorial_subnet_private_1"
            },
            "tags_all": {
              "Name": "tutorial_subnet_private_1"
            },
            "timeouts": null,
            "vpc_id": "vpc-0954dd0ecef31f536"
          },
          "sensitive_attributes": [],
          "private": "eyJlMmJmYjczMC1lY2FhLTExZTYtOGY4OC0zNDM2M2JjN2M0YzAiOnsiY3JlYXRlIjo2MDAwMDAwMDAwMDAsImRlbGV0ZSI6MTIwMDAwMDAwMDAwMH0sInNjaGVtYV92ZXJzaW9uIjoiMSJ9",
          "dependencies": [
            "aws_vpc.this"
          ]
        }
      ]
    },
    {
      "mode": "managed",
      "type": "aws_subnet",
      "name": "this_private_2",
      "provider": "provider[\"registry.terraform.io/hashicorp/aws\"]",
      "instances": [
        {
          "schema_version": 1,
          "attributes": {
            "arn": "arn:aws:ec2:sa-east-1:962453244976:subnet/subnet-099899090eca66fee",
            "assign_ipv6_address_on_creation": false,
            "availability_zone": "sa-east-1b",
            "availability_zone_id": "sae1-az2",
            "cidr_block": "10.0.2.0/24",
            "customer_owned_ipv4_pool": "",
            "enable_dns64": false,
            "enable_lni_at_device_index": 0,
            "enable_resource_name_dns_a_record_on_launch": false,
            "enable_resource_name_dns_aaaa_record_on_launch": false,
            "id": "subnet-099899090eca66fee",
            "ipv6_cidr_block": "",
            "ipv6_cidr_block_association_id": "",
            "ipv6_native": false,
            "map_customer_owned_ip_on_launch": false,
            "map_public_ip_on_launch": false,
            "outpost_arn": "",
            "owner_id": "962453244976",
            "private_dns_hostname_type_on_launch": "ip-name",
            "tags": {
              "Name": "tutorial_subnet_private_2"
            },
            "tags_all": {
              "Name": "tutorial_subnet_private_2"
            },
            "timeouts": null,
            "vpc_id": "vpc-0954dd0ecef31f536"
          },
          "sensitive_attributes": [],
          "private": "eyJlMmJmYjczMC1lY2FhLTExZTYtOGY4OC0zNDM2M2JjN2M0YzAiOnsiY3JlYXRlIjo2MDAwMDAwMDAwMDAsImRlbGV0ZSI6MTIwMDAwMDAwMDAwMH0sInNjaGVtYV92ZXJzaW9uIjoiMSJ9",
          "dependencies": [
            "aws_vpc.this"
          ]
        }
      ]
    },
    {
      "mode": "managed",
      "type": "aws_subnet",
      "name": "this_private_3",
      "provider": "provider[\"registry.terraform.io/hashicorp/aws\"]",
      "instances": [
        {
          "schema_version": 1,
          "attributes": {
            "arn": "arn:aws:ec2:sa-east-1:962453244976:subnet/subnet-0dd4029964d40d561",
            "assign_ipv6_address_on_creation": false,
            "availability_zone": "sa-east-1c",
            "availability_zone_id": "sae1-az3",
            "cidr_block": "10.0.3.0/24",
            "customer_owned_ipv4_pool": "",
            "enable_dns64": false,
            "enable_lni_at_device_index": 0,
            "enable_resource_name_dns_a_record_on_launch": false,
            "enable_resource_name_dns_aaaa_record_on_launch": false,
            "id": "subnet-0dd4029964d40d561",
            "ipv6_cidr_block": "",
            "ipv6_cidr_block_association_id": "",
            "ipv6_native": false,
            "map_customer_owned_ip_on_launch": false,
            "map_public_ip_on_launch": false,
            "outpost_arn": "",
            "owner_id": "962453244976",
            "private_dns_hostname_type_on_launch": "ip-name",
            "tags": {
              "Name": "tutorial_subnet_private_3"
            },
            "tags_all": {
              "Name": "tutorial_subnet_private_3"
            },
            "timeouts": null,
            "vpc_id": "vpc-0954dd0ecef31f536"
          },
          "sensitive_attributes": [],
          "private": "eyJlMmJmYjczMC1lY2FhLTExZTYtOGY4OC0zNDM2M2JjN2M0YzAiOnsiY3JlYXRlIjo2MDAwMDAwMDAwMDAsImRlbGV0ZSI6MTIwMDAwMDAwMDAwMH0sInNjaGVtYV92ZXJzaW9uIjoiMSJ9",
          "dependencies": [
            "aws_vpc.this"
          ]
        }
      ]
    },
    {
      "mode": "managed",
      "type": "aws_vpc",
      "name": "this",
      "provider": "provider[\"registry.terraform.io/hashicorp/aws\"]",
      "instances": [
        {
          "schema_version": 1,
          "attributes": {
            "arn": "arn:aws:ec2:sa-east-1:962453244976:vpc/vpc-0954dd0ecef31f536",
            "assign_generated_ipv6_cidr_block": false,
            "cidr_block": "10.0.0.0/16",
            "default_network_acl_id": "acl-0d198960124d5f9d4",
            "default_route_table_id": "rtb-0e6645901a544a828",
            "default_security_group_id": "sg-000c4624068987d19",
            "dhcp_options_id": "dopt-0a0ccaa66c764778c",
            "enable_dns_hostnames": true,
            "enable_dns_support": true,
            "enable_network_address_usage_metrics": false,
            "id": "vpc-0954dd0ecef31f536",
            "instance_tenancy": "default",
            "ipv4_ipam_pool_id": null,
            "ipv4_netmask_length": null,
            "ipv6_association_id": "",
            "ipv6_cidr_block": "",
            "ipv6_cidr_block_network_border_group": "",
            "ipv6_ipam_pool_id": "",
            "ipv6_netmask_length": 0,
            "main_route_table_id": "rtb-0e6645901a544a828",
            "owner_id": "962453244976",
            "tags": {
              "Name": "tutorial_vpc"
            },
            "tags_all": {
              "Name": "tutorial_vpc"
            }
          },
          "sensitive_attributes": [],
          "private": "eyJzY2hlbWFfdmVyc2lvbiI6IjEifQ=="
        }
      ]
    }
  ],
  "check_results": null
}
